
Microsoft Visual Studio Solution File, Format Version 12.00
# Visual Studio 14
VisualStudioVersion = 14.0.23107.0
MinimumVisualStudioVersion = 10.0.40219.1
Project("{8BC9CEB8-8B4A-11D0-8D11-00A0C91BC942}") = "libducky", "libducky\libducky.vcxproj", "{07A6C2B4-CAB3-4AE9-ACFF-A588BC5B5505}"
EndProject
Project("{8BC9CEB8-8B4A-11D0-8D11-00A0C91BC942}") = "test", "test\test.vcxproj", "{51B175A5-865E-4A8F-A896-66B595BA0C43}"
	ProjectSection(ProjectDependencies) = postProject
		{07A6C2B4-CAB3-4AE9-ACFF-A588BC5B5505} = {07A6C2B4-CAB3-4AE9-ACFF-A588BC5B5505}
	EndProjectSection
EndProject
Global
	GlobalSection(SolutionConfigurationPlatforms) = preSolution
		Debug|x64 = Debug|x64
		Debug|x86 = Debug|x86
		Release|x64 = Release|x64
		Release|x86 = Release|x86
	EndGlobalSection
	GlobalSection(ProjectConfigurationPlatforms) = postSolution
		{07A6C2B4-CAB3-4AE9-ACFF-A588BC5B5505}.Debug|x64.ActiveCfg = Debug|x64
		{07A6C2B4-CAB3-4AE9-ACFF-A588BC5B5505}.Debug|x64.Build.0 = Debug|x64
		{07A6C2B4-CAB3-4AE9-ACFF-A588BC5B5505}.Debug|x86.ActiveCfg = Debug|Win32
		{07A6C2B4-CAB3-4AE9-ACFF-A588BC5B5505}.Debug|x86.Build.0 = Debug|Win32
		{07A6C2B4-CAB3-4AE9-ACFF-A588BC5B5505}.Release|x64.ActiveCfg = Release|x64
		{07A6C2B4-CAB3-4AE9-ACFF-A588BC5B5505}.Release|x64.Build.0 = Release|x64
		{07A6C2B4-CAB3-4AE9-ACFF-A588BC5B5505}.Release|x86.ActiveCfg = Release|Win32
		{07A6C2B4-CAB3-4AE9-ACFF-A588BC5B5505}.Release|x86.Build.0 = Release|Win32
		{51B175A5-865E-4A8F-A896-66B595BA0C43}.Debug|x64.ActiveCfg = Debug|x64
		{51B175A5-865E-4A8F-A896-66B595BA0C43}.Debug|x64.Build.0 = Debug|x64
		{51B175A5-865E-4A8F-A896-66B595BA0C43}.Debug|x86.ActiveCfg = Debug|Win32
		{51B175A5-865E-4A8F-A896-66B595BA0C43}.Debug|x86.Build.0 = Debug|Win32
		{51B175A5-865E-4A8F-A896-66B595BA0C43}.Release|x64.ActiveCfg = Release|x64
		{51B175A5-865E-4A8F-A896-66B595BA0C43}.Release|x64.Build.0 = Release|x64
		{51B175A5-865E-4A8F-A896-66B595BA0C43}.Release|x86.ActiveCfg = Release|Win32
		{51B175A5-865E-4A8F-A896-66B595BA0C43}.Release|x86.Build.0 = Release|Win32
	EndGlobalSection
	GlobalSection(SolutionProperties) = preSolution
		HideSolutionNode = FALSE
	EndGlobalSection
EndGlobal
